
Microsoft Visual Studio Solution File, Format Version 12.00
# Visual Studio 2013
VisualStudioVersion = 12.0.31101.0
MinimumVisualStudioVersion = 10.0.40219.1
Project("{8BC9CEB8-8B4A-11D0-8D11-00A0C91BC942}") = "Dragons", "Dragons\Dragons.vcxproj", "{646DB20A-F527-449C-A5CE-67DAA1AF01C5}"
EndProject
Project("{8BC9CEB8-8B4A-11D0-8D11-00A0C91BC942}") = "DragonsTest", "DragonsTest\DragonsTest.vcxproj", "{F7E00717-718B-4B25-8764-8F7D2A135094}"
EndProject
Project("{8BC9CEB8-8B4A-11D0-8D11-00A0C91BC942}") = "DragonsApp", "DragonsApp\DragonsApp\DragonsApp.vcxproj", "{B6BEA67B-4D80-4A0A-9B1D-E3DB0927D725}"
	ProjectSection(ProjectDependencies) = postProject
		{646DB20A-F527-449C-A5CE-67DAA1AF01C5} = {646DB20A-F527-449C-A5CE-67DAA1AF01C5}
	EndProjectSection
EndProject
Global
	GlobalSection(SolutionConfigurationPlatforms) = preSolution
		Debug|Win32 = Debug|Win32
		Debug|x64 = Debug|x64
		Release|Win32 = Release|Win32
		Release|x64 = Release|x64
	EndGlobalSection
	GlobalSection(ProjectConfigurationPlatforms) = postSolution
		{646DB20A-F527-449C-A5CE-67DAA1AF01C5}.Debug|Win32.ActiveCfg = Debug|Win32
		{646DB20A-F527-449C-A5CE-67DAA1AF01C5}.Debug|Win32.Build.0 = Debug|Win32
		{646DB20A-F527-449C-A5CE-67DAA1AF01C5}.Debug|x64.ActiveCfg = Debug|x64
		{646DB20A-F527-449C-A5CE-67DAA1AF01C5}.Debug|x64.Build.0 = Debug|x64
		{646DB20A-F527-449C-A5CE-67DAA1AF01C5}.Release|Win32.ActiveCfg = Release|Win32
		{646DB20A-F527-449C-A5CE-67DAA1AF01C5}.Release|Win32.Build.0 = Release|Win32
		{646DB20A-F527-449C-A5CE-67DAA1AF01C5}.Release|x64.ActiveCfg = Release|x64
		{646DB20A-F527-449C-A5CE-67DAA1AF01C5}.Release|x64.Build.0 = Release|x64
		{F7E00717-718B-4B25-8764-8F7D2A135094}.Debug|Win32.ActiveCfg = Debug|Win32
		{F7E00717-718B-4B25-8764-8F7D2A135094}.Debug|Win32.Build.0 = Debug|Win32
		{F7E00717-718B-4B25-8764-8F7D2A135094}.Debug|x64.ActiveCfg = Debug|x64
		{F7E00717-718B-4B25-8764-8F7D2A135094}.Debug|x64.Build.0 = Debug|x64
		{F7E00717-718B-4B25-8764-8F7D2A135094}.Release|Win32.ActiveCfg = Release|Win32
		{F7E00717-718B-4B25-8764-8F7D2A135094}.Release|Win32.Build.0 = Release|Win32
		{F7E00717-718B-4B25-8764-8F7D2A135094}.Release|x64.ActiveCfg = Release|x64
		{F7E00717-718B-4B25-8764-8F7D2A135094}.Release|x64.Build.0 = Release|x64
		{B6BEA67B-4D80-4A0A-9B1D-E3DB0927D725}.Debug|Win32.ActiveCfg = Debug|Win32
		{B6BEA67B-4D80-4A0A-9B1D-E3DB0927D725}.Debug|Win32.Build.0 = Debug|Win32
		{B6BEA67B-4D80-4A0A-9B1D-E3DB0927D725}.Debug|x64.ActiveCfg = Debug|Win32
		{B6BEA67B-4D80-4A0A-9B1D-E3DB0927D725}.Release|Win32.ActiveCfg = Release|Win32
		{B6BEA67B-4D80-4A0A-9B1D-E3DB0927D725}.Release|Win32.Build.0 = Release|Win32
		{B6BEA67B-4D80-4A0A-9B1D-E3DB0927D725}.Release|x64.ActiveCfg = Release|Win32
	EndGlobalSection
	GlobalSection(SolutionProperties) = preSolution
		HideSolutionNode = FALSE
	EndGlobalSection
EndGlobal
